
Microsoft Visual Studio Solution File, Format Version 12.00
Project("{FAE04EC0-301F-11D3-BF4B-00C04F79EFBC}") = "SimbirHomeworkClean.Api", "SimbirHomeworkClean.Api\SimbirHomeworkClean.Api.csproj", "{EE8A17F4-137B-4781-A48E-73AEC94B3B0A}"
EndProject
Project("{FAE04EC0-301F-11D3-BF4B-00C04F79EFBC}") = "SimbirHomeworkClean.Domain", "SimbirHomeworkClean.Domain\SimbirHomeworkClean.Domain.csproj", "{6230D0C8-E2FC-4ED3-98CE-8E7E62B812C9}"
EndProject
Project("{FAE04EC0-301F-11D3-BF4B-00C04F79EFBC}") = "SimbirHomeworkClean.Application", "SimbirHomeworkClean.Application\SimbirHomeworkClean.Application.csproj", "{DCED06B2-72CD-444D-A143-7FE0CBDF8FBC}"
EndProject
Project("{FAE04EC0-301F-11D3-BF4B-00C04F79EFBC}") = "SimbirHomeworkClean.Infrastructure", "SimbirHomeworkClean.Infrastructure\SimbirHomeworkClean.Infrastructure.csproj", "{0CA18396-42C5-432D-8D8B-E42EEF05C02D}"
EndProject
Global
	GlobalSection(SolutionConfigurationPlatforms) = preSolution
		Debug|Any CPU = Debug|Any CPU
		Release|Any CPU = Release|Any CPU
	EndGlobalSection
	GlobalSection(ProjectConfigurationPlatforms) = postSolution
		{EE8A17F4-137B-4781-A48E-73AEC94B3B0A}.Debug|Any CPU.ActiveCfg = Debug|Any CPU
		{EE8A17F4-137B-4781-A48E-73AEC94B3B0A}.Debug|Any CPU.Build.0 = Debug|Any CPU
		{EE8A17F4-137B-4781-A48E-73AEC94B3B0A}.Release|Any CPU.ActiveCfg = Release|Any CPU
		{EE8A17F4-137B-4781-A48E-73AEC94B3B0A}.Release|Any CPU.Build.0 = Release|Any CPU
		{6230D0C8-E2FC-4ED3-98CE-8E7E62B812C9}.Debug|Any CPU.ActiveCfg = Debug|Any CPU
		{6230D0C8-E2FC-4ED3-98CE-8E7E62B812C9}.Debug|Any CPU.Build.0 = Debug|Any CPU
		{6230D0C8-E2FC-4ED3-98CE-8E7E62B812C9}.Release|Any CPU.ActiveCfg = Release|Any CPU
		{6230D0C8-E2FC-4ED3-98CE-8E7E62B812C9}.Release|Any CPU.Build.0 = Release|Any CPU
		{DCED06B2-72CD-444D-A143-7FE0CBDF8FBC}.Debug|Any CPU.ActiveCfg = Debug|Any CPU
		{DCED06B2-72CD-444D-A143-7FE0CBDF8FBC}.Debug|Any CPU.Build.0 = Debug|Any CPU
		{DCED06B2-72CD-444D-A143-7FE0CBDF8FBC}.Release|Any CPU.ActiveCfg = Release|Any CPU
		{DCED06B2-72CD-444D-A143-7FE0CBDF8FBC}.Release|Any CPU.Build.0 = Release|Any CPU
		{0CA18396-42C5-432D-8D8B-E42EEF05C02D}.Debug|Any CPU.ActiveCfg = Debug|Any CPU
		{0CA18396-42C5-432D-8D8B-E42EEF05C02D}.Debug|Any CPU.Build.0 = Debug|Any CPU
		{0CA18396-42C5-432D-8D8B-E42EEF05C02D}.Release|Any CPU.ActiveCfg = Release|Any CPU
		{0CA18396-42C5-432D-8D8B-E42EEF05C02D}.Release|Any CPU.Build.0 = Release|Any CPU
	EndGlobalSection
EndGlobal
